// !$*UTF8*$!
{
	archiveVersion = 1;
	classes = {
	};
	objectVersion = 46;
	objects = {

/* Begin PBXBuildFile section */
		308D7B181E74365100581836 /* main.m in Sources */ = {isa = PBXBuildFile; fileRef = 308D7B171E74365100581836 /* main.m */; };
		308D7B1B1E74365100581836 /* AppDelegate.m in Sources */ = {isa = PBXBuildFile; fileRef = 308D7B1A1E74365100581836 /* AppDelegate.m */; };
		308D7B1E1E74365100581836 /* ViewController.m in Sources */ = {isa = PBXBuildFile; fileRef = 308D7B1D1E74365100581836 /* ViewController.m */; };
		308D7B211E74365100581836 /* Main.storyboard in Resources */ = {isa = PBXBuildFile; fileRef = 308D7B1F1E74365100581836 /* Main.storyboard */; };
		308D7B231E74365100581836 /* Assets.xcassets in Resources */ = {isa = PBXBuildFile; fileRef = 308D7B221E74365100581836 /* Assets.xcassets */; };
		308D7B261E74365100581836 /* LaunchScreen.storyboard in Resources */ = {isa = PBXBuildFile; fileRef = 308D7B241E74365100581836 /* LaunchScreen.storyboard */; };
		308D7B851E743A4600581836 /* libopenblas_armv8p-r0.2.20.dev.a in Frameworks */ = {isa = PBXBuildFile; fileRef = 308D7B7F1E74395900581836 /* libopenblas_armv8p-r0.2.20.dev.a */; };
/* End PBXBuildFile section */

/* Begin PBXFileReference section */
		308D7B131E74365100581836 /* BLASCompare.app */ = {isa = PBXFileReference; explicitFileType = wrapper.application; includeInIndex = 0; path = BLASCompare.app; sourceTree = BUILT_PRODUCTS_DIR; };
		308D7B171E74365100581836 /* main.m */ = {isa = PBXFileReference; lastKnownFileType = sourcecode.c.objc; path = main.m; sourceTree = "<group>"; };
		308D7B191E74365100581836 /* AppDelegate.h */ = {isa = PBXFileReference; lastKnownFileType = sourcecode.c.h; path = AppDelegate.h; sourceTree = "<group>"; };
		308D7B1A1E74365100581836 /* AppDelegate.m */ = {isa = PBXFileReference; lastKnownFileType = sourcecode.c.objc; path = AppDelegate.m; sourceTree = "<group>"; };
		308D7B1C1E74365100581836 /* ViewController.h */ = {isa = PBXFileReference; lastKnownFileType = sourcecode.c.h; path = ViewController.h; sourceTree = "<group>"; };
		308D7B1D1E74365100581836 /* ViewController.m */ = {isa = PBXFileReference; lastKnownFileType = sourcecode.c.objc; path = ViewController.m; sourceTree = "<group>"; };
		308D7B201E74365100581836 /* Base */ = {isa = PBXFileReference; lastKnownFileType = file.storyboard; name = Base; path = Base.lproj/Main.storyboard; sourceTree = "<group>"; };
		308D7B221E74365100581836 /* Assets.xcassets */ = {isa = PBXFileReference; lastKnownFileType = folder.assetcatalog; path = Assets.xcassets; sourceTree = "<group>"; };
		308D7B251E74365100581836 /* Base */ = {isa = PBXFileReference; lastKnownFileType = file.storyboard; name = Base; path = Base.lproj/LaunchScreen.storyboard; sourceTree = "<group>"; };
		308D7B271E74365100581836 /* Info.plist */ = {isa = PBXFileReference; lastKnownFileType = text.plist.xml; path = Info.plist; sourceTree = "<group>"; };
		308D7B581E74375C00581836 /* Accelerate.framework */ = {isa = PBXFileReference; lastKnownFileType = wrapper.framework; name = Accelerate.framework; path = System/Library/Frameworks/Accelerate.framework; sourceTree = SDKROOT; };
		308D7B5C1E74395900581836 /* cblas.h */ = {isa = PBXFileReference; fileEncoding = 4; lastKnownFileType = sourcecode.c.h; path = cblas.h; sourceTree = "<group>"; };
		308D7B5D1E74395900581836 /* common.h */ = {isa = PBXFileReference; fileEncoding = 4; lastKnownFileType = sourcecode.c.h; path = common.h; sourceTree = "<group>"; };
		308D7B5E1E74395900581836 /* common_alpha.h */ = {isa = PBXFileReference; fileEncoding = 4; lastKnownFileType = sourcecode.c.h; path = common_alpha.h; sourceTree = "<group>"; };
		308D7B5F1E74395900581836 /* common_arm.h */ = {isa = PBXFileReference; fileEncoding = 4; lastKnownFileType = sourcecode.c.h; path = common_arm.h; sourceTree = "<group>"; };
		308D7B601E74395900581836 /* common_arm64.h */ = {isa = PBXFileReference; fileEncoding = 4; lastKnownFileType = sourcecode.c.h; path = common_arm64.h; sourceTree = "<group>"; };
		308D7B611E74395900581836 /* common_c.h */ = {isa = PBXFileReference; fileEncoding = 4; lastKnownFileType = sourcecode.c.h; path = common_c.h; sourceTree = "<group>"; };
		308D7B621E74395900581836 /* common_d.h */ = {isa = PBXFileReference; fileEncoding = 4; lastKnownFileType = sourcecode.c.h; path = common_d.h; sourceTree = "<group>"; };
		308D7B631E74395900581836 /* common_ia64.h */ = {isa = PBXFileReference; fileEncoding = 4; lastKnownFileType = sourcecode.c.h; path = common_ia64.h; sourceTree = "<group>"; };
		308D7B641E74395900581836 /* common_interface.h */ = {isa = PBXFileReference; fileEncoding = 4; lastKnownFileType = sourcecode.c.h; path = common_interface.h; sourceTree = "<group>"; };
		308D7B651E74395900581836 /* common_lapack.h */ = {isa = PBXFileReference; fileEncoding = 4; lastKnownFileType = sourcecode.c.h; path = common_lapack.h; sourceTree = "<group>"; };
		308D7B661E74395900581836 /* common_level1.h */ = {isa = PBXFileReference; fileEncoding = 4; lastKnownFileType = sourcecode.c.h; path = common_level1.h; sourceTree = "<group>"; };
		308D7B671E74395900581836 /* common_level2.h */ = {isa = PBXFileReference; fileEncoding = 4; lastKnownFileType = sourcecode.c.h; path = common_level2.h; sourceTree = "<group>"; };
		308D7B681E74395900581836 /* common_level3.h */ = {isa = PBXFileReference; fileEncoding = 4; lastKnownFileType = sourcecode.c.h; path = common_level3.h; sourceTree = "<group>"; };
		308D7B691E74395900581836 /* common_linux.h */ = {isa = PBXFileReference; fileEncoding = 4; lastKnownFileType = sourcecode.c.h; path = common_linux.h; sourceTree = "<group>"; };
		308D7B6A1E74395900581836 /* common_macro.h */ = {isa = PBXFileReference; fileEncoding = 4; lastKnownFileType = sourcecode.c.h; path = common_macro.h; sourceTree = "<group>"; };
		308D7B6B1E74395900581836 /* common_mips.h */ = {isa = PBXFileReference; fileEncoding = 4; lastKnownFileType = sourcecode.c.h; path = common_mips.h; sourceTree = "<group>"; };
		308D7B6C1E74395900581836 /* common_mips64.h */ = {isa = PBXFileReference; fileEncoding = 4; lastKnownFileType = sourcecode.c.h; path = common_mips64.h; sourceTree = "<group>"; };
		308D7B6D1E74395900581836 /* common_param.h */ = {isa = PBXFileReference; fileEncoding = 4; lastKnownFileType = sourcecode.c.h; path = common_param.h; sourceTree = "<group>"; };
		308D7B6E1E74395900581836 /* common_power.h */ = {isa = PBXFileReference; fileEncoding = 4; lastKnownFileType = sourcecode.c.h; path = common_power.h; sourceTree = "<group>"; };
		308D7B6F1E74395900581836 /* common_q.h */ = {isa = PBXFileReference; fileEncoding = 4; lastKnownFileType = sourcecode.c.h; path = common_q.h; sourceTree = "<group>"; };
		308D7B701E74395900581836 /* common_reference.h */ = {isa = PBXFileReference; fileEncoding = 4; lastKnownFileType = sourcecode.c.h; path = common_reference.h; sourceTree = "<group>"; };
		308D7B711E74395900581836 /* common_s.h */ = {isa = PBXFileReference; fileEncoding = 4; lastKnownFileType = sourcecode.c.h; path = common_s.h; sourceTree = "<group>"; };
		308D7B721E74395900581836 /* common_sparc.h */ = {isa = PBXFileReference; fileEncoding = 4; lastKnownFileType = sourcecode.c.h; path = common_sparc.h; sourceTree = "<group>"; };
		308D7B731E74395900581836 /* common_stackalloc.h */ = {isa = PBXFileReference; fileEncoding = 4; lastKnownFileType = sourcecode.c.h; path = common_stackalloc.h; sourceTree = "<group>"; };
		308D7B741E74395900581836 /* common_thread.h */ = {isa = PBXFileReference; fileEncoding = 4; lastKnownFileType = sourcecode.c.h; path = common_thread.h; sourceTree = "<group>"; };
		308D7B751E74395900581836 /* common_x.h */ = {isa = PBXFileReference; fileEncoding = 4; lastKnownFileType = sourcecode.c.h; path = common_x.h; sourceTree = "<group>"; };
		308D7B761E74395900581836 /* common_x86.h */ = {isa = PBXFileReference; fileEncoding = 4; lastKnownFileType = sourcecode.c.h; path = common_x86.h; sourceTree = "<group>"; };
		308D7B771E74395900581836 /* common_x86_64.h */ = {isa = PBXFileReference; fileEncoding = 4; lastKnownFileType = sourcecode.c.h; path = common_x86_64.h; sourceTree = "<group>"; };
		308D7B781E74395900581836 /* common_z.h */ = {isa = PBXFileReference; fileEncoding = 4; lastKnownFileType = sourcecode.c.h; path = common_z.h; sourceTree = "<group>"; };
		308D7B791E74395900581836 /* common_zarch.h */ = {isa = PBXFileReference; fileEncoding = 4; lastKnownFileType = sourcecode.c.h; path = common_zarch.h; sourceTree = "<group>"; };
		308D7B7A1E74395900581836 /* config.h */ = {isa = PBXFileReference; fileEncoding = 4; lastKnownFileType = sourcecode.c.h; path = config.h; sourceTree = "<group>"; };
		308D7B7B1E74395900581836 /* config_last.h */ = {isa = PBXFileReference; fileEncoding = 4; lastKnownFileType = sourcecode.c.h; path = config_last.h; sourceTree = "<group>"; };
		308D7B7C1E74395900581836 /* cpuid.h */ = {isa = PBXFileReference; fileEncoding = 4; lastKnownFileType = sourcecode.c.h; path = cpuid.h; sourceTree = "<group>"; };
		308D7B7D1E74395900581836 /* l1param.h */ = {isa = PBXFileReference; fileEncoding = 4; lastKnownFileType = sourcecode.c.h; path = l1param.h; sourceTree = "<group>"; };
		308D7B7E1E74395900581836 /* l2param.h */ = {isa = PBXFileReference; fileEncoding = 4; lastKnownFileType = sourcecode.c.h; path = l2param.h; sourceTree = "<group>"; };
		308D7B7F1E74395900581836 /* libopenblas_armv8p-r0.2.20.dev.a */ = {isa = PBXFileReference; lastKnownFileType = archive.ar; path = "libopenblas_armv8p-r0.2.20.dev.a"; sourceTree = "<group>"; };
		308D7B801E74395900581836 /* openblas_config_template.h */ = {isa = PBXFileReference; fileEncoding = 4; lastKnownFileType = sourcecode.c.h; path = openblas_config_template.h; sourceTree = "<group>"; };
		308D7B811E74395900581836 /* param.h */ = {isa = PBXFileReference; fileEncoding = 4; lastKnownFileType = sourcecode.c.h; path = param.h; sourceTree = "<group>"; };
		308D7B821E74395900581836 /* symcopy.h */ = {isa = PBXFileReference; fileEncoding = 4; lastKnownFileType = sourcecode.c.h; path = symcopy.h; sourceTree = "<group>"; };
		308D7B831E74395900581836 /* version.h */ = {isa = PBXFileReference; fileEncoding = 4; lastKnownFileType = sourcecode.c.h; path = version.h; sourceTree = "<group>"; };
/* End PBXFileReference section */

/* Begin PBXFrameworksBuildPhase section */
		308D7B101E74365100581836 /* Frameworks */ = {
			isa = PBXFrameworksBuildPhase;
			buildActionMask = 2147483647;
			files = (
				308D7B851E743A4600581836 /* libopenblas_armv8p-r0.2.20.dev.a in Frameworks */,
			);
			runOnlyForDeploymentPostprocessing = 0;
		};
/* End PBXFrameworksBuildPhase section */

/* Begin PBXGroup section */
		308D7B0A1E74365100581836 = {
			isa = PBXGroup;
			children = (
				308D7B5B1E74395900581836 /* openblas */,
				308D7B151E74365100581836 /* BLASCompare */,
				308D7B141E74365100581836 /* Products */,
				308D7B571E74375C00581836 /* Frameworks */,
			);
			sourceTree = "<group>";
		};
		308D7B141E74365100581836 /* Products */ = {
			isa = PBXGroup;
			children = (
				308D7B131E74365100581836 /* BLASCompare.app */,
			);
			name = Products;
			sourceTree = "<group>";
		};
		308D7B151E74365100581836 /* BLASCompare */ = {
			isa = PBXGroup;
			children = (
				308D7B191E74365100581836 /* AppDelegate.h */,
				308D7B1A1E74365100581836 /* AppDelegate.m */,
				308D7B1C1E74365100581836 /* ViewController.h */,
				308D7B1D1E74365100581836 /* ViewController.m */,
				308D7B1F1E74365100581836 /* Main.storyboard */,
				308D7B221E74365100581836 /* Assets.xcassets */,
				308D7B241E74365100581836 /* LaunchScreen.storyboard */,
				308D7B271E74365100581836 /* Info.plist */,
				308D7B161E74365100581836 /* Supporting Files */,
			);
			path = BLASCompare;
			sourceTree = "<group>";
		};
		308D7B161E74365100581836 /* Supporting Files */ = {
			isa = PBXGroup;
			children = (
				308D7B171E74365100581836 /* main.m */,
			);
			name = "Supporting Files";
			sourceTree = "<group>";
		};
		308D7B571E74375C00581836 /* Frameworks */ = {
			isa = PBXGroup;
			children = (
				308D7B581E74375C00581836 /* Accelerate.framework */,
			);
			name = Frameworks;
			sourceTree = "<group>";
		};
		308D7B5B1E74395900581836 /* openblas */ = {
			isa = PBXGroup;
			children = (
				308D7B5C1E74395900581836 /* cblas.h */,
				308D7B5D1E74395900581836 /* common.h */,
				308D7B5E1E74395900581836 /* common_alpha.h */,
				308D7B5F1E74395900581836 /* common_arm.h */,
				308D7B601E74395900581836 /* common_arm64.h */,
				308D7B611E74395900581836 /* common_c.h */,
				308D7B621E74395900581836 /* common_d.h */,
				308D7B631E74395900581836 /* common_ia64.h */,
				308D7B641E74395900581836 /* common_interface.h */,
				308D7B651E74395900581836 /* common_lapack.h */,
				308D7B661E74395900581836 /* common_level1.h */,
				308D7B671E74395900581836 /* common_level2.h */,
				308D7B681E74395900581836 /* common_level3.h */,
				308D7B691E74395900581836 /* common_linux.h */,
				308D7B6A1E74395900581836 /* common_macro.h */,
				308D7B6B1E74395900581836 /* common_mips.h */,
				308D7B6C1E74395900581836 /* common_mips64.h */,
				308D7B6D1E74395900581836 /* common_param.h */,
				308D7B6E1E74395900581836 /* common_power.h */,
				308D7B6F1E74395900581836 /* common_q.h */,
				308D7B701E74395900581836 /* common_reference.h */,
				308D7B711E74395900581836 /* common_s.h */,
				308D7B721E74395900581836 /* common_sparc.h */,
				308D7B731E74395900581836 /* common_stackalloc.h */,
				308D7B741E74395900581836 /* common_thread.h */,
				308D7B751E74395900581836 /* common_x.h */,
				308D7B761E74395900581836 /* common_x86.h */,
				308D7B771E74395900581836 /* common_x86_64.h */,
				308D7B781E74395900581836 /* common_z.h */,
				308D7B791E74395900581836 /* common_zarch.h */,
				308D7B7A1E74395900581836 /* config.h */,
				308D7B7B1E74395900581836 /* config_last.h */,
				308D7B7C1E74395900581836 /* cpuid.h */,
				308D7B7D1E74395900581836 /* l1param.h */,
				308D7B7E1E74395900581836 /* l2param.h */,
				308D7B7F1E74395900581836 /* libopenblas_armv8p-r0.2.20.dev.a */,
				308D7B801E74395900581836 /* openblas_config_template.h */,
				308D7B811E74395900581836 /* param.h */,
				308D7B821E74395900581836 /* symcopy.h */,
				308D7B831E74395900581836 /* version.h */,
			);
			name = openblas;
			path = BLASCompare/openblas;
			sourceTree = "<group>";
		};
/* End PBXGroup section */

/* Begin PBXNativeTarget section */
		308D7B121E74365100581836 /* BLASCompare */ = {
			isa = PBXNativeTarget;
			buildConfigurationList = 308D7B2A1E74365100581836 /* Build configuration list for PBXNativeTarget "BLASCompare" */;
			buildPhases = (
				308D7B0F1E74365100581836 /* Sources */,
				308D7B101E74365100581836 /* Frameworks */,
				308D7B111E74365100581836 /* Resources */,
			);
			buildRules = (
			);
			dependencies = (
			);
			name = BLASCompare;
			productName = BLASCompare;
			productReference = 308D7B131E74365100581836 /* BLASCompare.app */;
			productType = "com.apple.product-type.application";
		};
/* End PBXNativeTarget section */

/* Begin PBXProject section */
		308D7B0B1E74365100581836 /* Project object */ = {
			isa = PBXProject;
			attributes = {
				LastUpgradeCheck = 0820;
				ORGANIZATIONNAME = sheen;
				TargetAttributes = {
					308D7B121E74365100581836 = {
						CreatedOnToolsVersion = 8.2.1;
						DevelopmentTeam = 59X4733VBX;
						ProvisioningStyle = Automatic;
					};
				};
			};
			buildConfigurationList = 308D7B0E1E74365100581836 /* Build configuration list for PBXProject "BLASCompare" */;
			compatibilityVersion = "Xcode 3.2";
			developmentRegion = English;
			hasScannedForEncodings = 0;
			knownRegions = (
				en,
				Base,
			);
			mainGroup = 308D7B0A1E74365100581836;
			productRefGroup = 308D7B141E74365100581836 /* Products */;
			projectDirPath = "";
			projectRoot = "";
			targets = (
				308D7B121E74365100581836 /* BLASCompare */,
			);
		};
/* End PBXProject section */

/* Begin PBXResourcesBuildPhase section */
		308D7B111E74365100581836 /* Resources */ = {
			isa = PBXResourcesBuildPhase;
			buildActionMask = 2147483647;
			files = (
				308D7B261E74365100581836 /* LaunchScreen.storyboard in Resources */,
				308D7B231E74365100581836 /* Assets.xcassets in Resources */,
				308D7B211E74365100581836 /* Main.storyboard in Resources */,
			);
			runOnlyForDeploymentPostprocessing = 0;
		};
/* End PBXResourcesBuildPhase section */

/* Begin PBXSourcesBuildPhase section */
		308D7B0F1E74365100581836 /* Sources */ = {
			isa = PBXSourcesBuildPhase;
			buildActionMask = 2147483647;
			files = (
				308D7B1E1E74365100581836 /* ViewController.m in Sources */,
				308D7B1B1E74365100581836 /* AppDelegate.m in Sources */,
				308D7B181E74365100581836 /* main.m in Sources */,
			);
			runOnlyForDeploymentPostprocessing = 0;
		};
/* End PBXSourcesBuildPhase section */

/* Begin PBXVariantGroup section */
		308D7B1F1E74365100581836 /* Main.storyboard */ = {
			isa = PBXVariantGroup;
			children = (
				308D7B201E74365100581836 /* Base */,
			);
			name = Main.storyboard;
			sourceTree = "<group>";
		};
		308D7B241E74365100581836 /* LaunchScreen.storyboard */ = {
			isa = PBXVariantGroup;
			children = (
				308D7B251E74365100581836 /* Base */,
			);
			name = LaunchScreen.storyboard;
			sourceTree = "<group>";
		};
/* End PBXVariantGroup section */

/* Begin XCBuildConfiguration section */
		308D7B281E74365100581836 /* Debug */ = {
			isa = XCBuildConfiguration;
			buildSettings = {
				ALWAYS_SEARCH_USER_PATHS = NO;
				CLANG_ANALYZER_NONNULL = YES;
				CLANG_CXX_LANGUAGE_STANDARD = "gnu++0x";
				CLANG_CXX_LIBRARY = "libc++";
				CLANG_ENABLE_MODULES = YES;
				CLANG_ENABLE_OBJC_ARC = YES;
				CLANG_WARN_BOOL_CONVERSION = YES;
				CLANG_WARN_CONSTANT_CONVERSION = YES;
				CLANG_WARN_DIRECT_OBJC_ISA_USAGE = YES_ERROR;
				CLANG_WARN_DOCUMENTATION_COMMENTS = YES;
				CLANG_WARN_EMPTY_BODY = YES;
				CLANG_WARN_ENUM_CONVERSION = YES;
				CLANG_WARN_INFINITE_RECURSION = YES;
				CLANG_WARN_INT_CONVERSION = YES;
				CLANG_WARN_OBJC_ROOT_CLASS = YES_ERROR;
				CLANG_WARN_SUSPICIOUS_MOVE = YES;
				CLANG_WARN_UNREACHABLE_CODE = YES;
				CLANG_WARN__DUPLICATE_METHOD_MATCH = YES;
				"CODE_SIGN_IDENTITY[sdk=iphoneos*]" = "iPhone Developer";
				COPY_PHASE_STRIP = NO;
				DEBUG_INFORMATION_FORMAT = dwarf;
				ENABLE_BITCODE = NO;
				ENABLE_STRICT_OBJC_MSGSEND = YES;
				ENABLE_TESTABILITY = YES;
				GCC_C_LANGUAGE_STANDARD = gnu99;
				GCC_DYNAMIC_NO_PIC = NO;
				GCC_NO_COMMON_BLOCKS = YES;
				GCC_OPTIMIZATION_LEVEL = 0;
				GCC_PREPROCESSOR_DEFINITIONS = (
					"DEBUG=1",
					"$(inherited)",
				);
				GCC_WARN_64_TO_32_BIT_CONVERSION = YES;
				GCC_WARN_ABOUT_RETURN_TYPE = YES_ERROR;
				GCC_WARN_UNDECLARED_SELECTOR = YES;
				GCC_WARN_UNINITIALIZED_AUTOS = YES_AGGRESSIVE;
				GCC_WARN_UNUSED_FUNCTION = YES;
				GCC_WARN_UNUSED_VARIABLE = YES;
				IPHONEOS_DEPLOYMENT_TARGET = 8.0;
				MTL_ENABLE_DEBUG_INFO = YES;
				ONLY_ACTIVE_ARCH = YES;
				SDKROOT = iphoneos;
			};
			name = Debug;
		};
		308D7B291E74365100581836 /* Release */ = {
			isa = XCBuildConfiguration;
			buildSettings = {
				ALWAYS_SEARCH_USER_PATHS = NO;
				CLANG_ANALYZER_NONNULL = YES;
				CLANG_CXX_LANGUAGE_STANDARD = "gnu++0x";
				CLANG_CXX_LIBRARY = "libc++";
				CLANG_ENABLE_MODULES = YES;
				CLANG_ENABLE_OBJC_ARC = YES;
				CLANG_WARN_BOOL_CONVERSION = YES;
				CLANG_WARN_CONSTANT_CONVERSION = YES;
				CLANG_WARN_DIRECT_OBJC_ISA_USAGE = YES_ERROR;
				CLANG_WARN_DOCUMENTATION_COMMENTS = YES;
				CLANG_WARN_EMPTY_BODY = YES;
				CLANG_WARN_ENUM_CONVERSION = YES;
				CLANG_WARN_INFINITE_RECURSION = YES;
				CLANG_WARN_INT_CONVERSION = YES;
				CLANG_WARN_OBJC_ROOT_CLASS = YES_ERROR;
				CLANG_WARN_SUSPICIOUS_MOVE = YES;
				CLANG_WARN_UNREACHABLE_CODE = YES;
				CLANG_WARN__DUPLICATE_METHOD_MATCH = YES;
				"CODE_SIGN_IDENTITY[sdk=iphoneos*]" = "iPhone Developer";
				COPY_PHASE_STRIP = NO;
				DEBUG_INFORMATION_FORMAT = "dwarf-with-dsym";
				ENABLE_BITCODE = NO;
				ENABLE_NS_ASSERTIONS = NO;
				ENABLE_STRICT_OBJC_MSGSEND = YES;
				GCC_C_LANGUAGE_STANDARD = gnu99;
				GCC_NO_COMMON_BLOCKS = YES;
				GCC_WARN_64_TO_32_BIT_CONVERSION = YES;
				GCC_WARN_ABOUT_RETURN_TYPE = YES_ERROR;
				GCC_WARN_UNDECLARED_SELECTOR = YES;
				GCC_WARN_UNINITIALIZED_AUTOS = YES_AGGRESSIVE;
				GCC_WARN_UNUSED_FUNCTION = YES;
				GCC_WARN_UNUSED_VARIABLE = YES;
				IPHONEOS_DEPLOYMENT_TARGET = 8.0;
				MTL_ENABLE_DEBUG_INFO = NO;
				SDKROOT = iphoneos;
				VALIDATE_PRODUCT = YES;
			};
			name = Release;
		};
		308D7B2B1E74365100581836 /* Debug */ = {
			isa = XCBuildConfiguration;
			buildSettings = {
				ASSETCATALOG_COMPILER_APPICON_NAME = AppIcon;
				DEVELOPMENT_TEAM = 59X4733VBX;
				INFOPLIST_FILE = BLASCompare/Info.plist;
				LD_RUNPATH_SEARCH_PATHS = "$(inherited) @executable_path/Frameworks";
				LIBRARY_SEARCH_PATHS = (
					"$(inherited)",
					"$(PROJECT_DIR)/BLASCompare/openblas",
				);
				PRODUCT_BUNDLE_IDENTIFIER = com.blas.compare.BLASCompare;
				PRODUCT_NAME = "$(TARGET_NAME)";
			};
			name = Debug;
		};
		308D7B2C1E74365100581836 /* Release */ = {
			isa = XCBuildConfiguration;
			buildSettings = {
				ASSETCATALOG_COMPILER_APPICON_NAME = AppIcon;
				DEVELOPMENT_TEAM = 59X4733VBX;
				INFOPLIST_FILE = BLASCompare/Info.plist;
				LD_RUNPATH_SEARCH_PATHS = "$(inherited) @executable_path/Frameworks";
				LIBRARY_SEARCH_PATHS = (
					"$(inherited)",
					"$(PROJECT_DIR)/BLASCompare/openblas",
				);
				PRODUCT_BUNDLE_IDENTIFIER = com.blas.compare.BLASCompare;
				PRODUCT_NAME = "$(TARGET_NAME)";
			};
			name = Release;
		};
/* End XCBuildConfiguration section */

/* Begin XCConfigurationList section */
		308D7B0E1E74365100581836 /* Build configuration list for PBXProject "BLASCompare" */ = {
			isa = XCConfigurationList;
			buildConfigurations = (
				308D7B281E74365100581836 /* Debug */,
				308D7B291E74365100581836 /* Release */,
			);
			defaultConfigurationIsVisible = 0;
			defaultConfigurationName = Release;
		};
		308D7B2A1E74365100581836 /* Build configuration list for PBXNativeTarget "BLASCompare" */ = {
			isa = XCConfigurationList;
			buildConfigurations = (
				308D7B2B1E74365100581836 /* Debug */,
				308D7B2C1E74365100581836 /* Release */,
			);
			defaultConfigurationIsVisible = 0;
		};
/* End XCConfigurationList section */
	};
	rootObject = 308D7B0B1E74365100581836 /* Project object */;
}
